
Microsoft Visual Studio Solution File, Format Version 12.00
# Visual Studio Version 16
VisualStudioVersion = 16.0.29418.71
MinimumVisualStudioVersion = 10.0.40219.1
Project("{FAE04EC0-301F-11D3-BF4B-00C04F79EFBC}") = "SEP3ClientReact", "SEP3ClientReact\SEP3ClientReact.csproj", "{7668BDE5-3CBB-4134-BF6F-A57ECC31BF6E}"
EndProject
Global
	GlobalSection(SolutionConfigurationPlatforms) = preSolution
		Debug|Any CPU = Debug|Any CPU
		Release|Any CPU = Release|Any CPU
	EndGlobalSection
	GlobalSection(ProjectConfigurationPlatforms) = postSolution
		{7668BDE5-3CBB-4134-BF6F-A57ECC31BF6E}.Debug|Any CPU.ActiveCfg = Debug|Any CPU
		{7668BDE5-3CBB-4134-BF6F-A57ECC31BF6E}.Debug|Any CPU.Build.0 = Debug|Any CPU
		{7668BDE5-3CBB-4134-BF6F-A57ECC31BF6E}.Release|Any CPU.ActiveCfg = Release|Any CPU
		{7668BDE5-3CBB-4134-BF6F-A57ECC31BF6E}.Release|Any CPU.Build.0 = Release|Any CPU
	EndGlobalSection
	GlobalSection(SolutionProperties) = preSolution
		HideSolutionNode = FALSE
	EndGlobalSection
	GlobalSection(ExtensibilityGlobals) = postSolution
		SolutionGuid = {F1CE47AA-29FE-459D-B4DC-CA50CD384294}
	EndGlobalSection
EndGlobal
